
Microsoft Visual Studio Solution File, Format Version 12.00
# Visual Studio Version 17
VisualStudioVersion = 17.12.35707.178
MinimumVisualStudioVersion = 10.0.40219.1
Project("{2150E333-8FDC-42A3-9474-1A3956D46DE8}") = "src", "src", "{E2CD4ED0-E0CE-4F72-8355-97250123FDDD}"
	ProjectSection(SolutionItems) = preProject
		.editorconfig = .editorconfig
		DirectoryBuild.props.xml = DirectoryBuild.props.xml
	EndProjectSection
EndProject
Project("{2150E333-8FDC-42A3-9474-1A3956D46DE8}") = "Questions", "Questions", "{02EA681E-C7D8-13C7-8484-4AC65E1B71E8}"
EndProject
Project("{2150E333-8FDC-42A3-9474-1A3956D46DE8}") = "Tags", "Tags", "{1B7F592E-465F-4353-9549-1A2570DBE321}"
EndProject
Project("{2150E333-8FDC-42A3-9474-1A3956D46DE8}") = "Reports", "Reports", "{FE27E808-4FC9-419C-9D20-D5E0E9C5481D}"
EndProject
Project("{2150E333-8FDC-42A3-9474-1A3956D46DE8}") = "Comments", "Comments", "{2983423E-235C-49D3-A1FC-02E36B973EA9}"
EndProject
Project("{FAE04EC0-301F-11D3-BF4B-00C04F79EFBC}") = "Questions.Contracts", "src\Questions\Questions.Contracts\Questions.Contracts.csproj", "{B8ED9A7B-F16D-4EE7-8E17-CA5789615C6A}"
EndProject
Project("{FAE04EC0-301F-11D3-BF4B-00C04F79EFBC}") = "Questions.Application", "src\Questions\Questions.Application\Questions.Application.csproj", "{7906B3D2-8F5B-4CBB-BED7-E1760B1CFB21}"
EndProject
Project("{FAE04EC0-301F-11D3-BF4B-00C04F79EFBC}") = "Questions.Domain", "src\Questions\Questions.Domain\Questions.Domain.csproj", "{28A78BE7-25CE-4863-8253-640C576F4DD2}"
EndProject
Project("{FAE04EC0-301F-11D3-BF4B-00C04F79EFBC}") = "Questions.Presenters", "src\Questions\Questions.Presenters\Questions.Presenters.csproj", "{9BC1B71C-9712-4F4D-A8A4-3314F7A8D0D0}"
EndProject
Project("{FAE04EC0-301F-11D3-BF4B-00C04F79EFBC}") = "Questions.Infrastructure.Postgres", "src\Questions\Questions.Infrastructure.Postgres\Questions.Infrastructure.Postgres.csproj", "{E7973DC4-68F5-4EA5-A9C6-512F65FFC5CA}"
EndProject
Project("{2150E333-8FDC-42A3-9474-1A3956D46DE8}") = "Web", "Web", "{D1E88DED-B04E-4C90-80AD-A6B760774F04}"
EndProject
Project("{2150E333-8FDC-42A3-9474-1A3956D46DE8}") = "Core", "Core", "{AD995E86-FF9E-45BD-81B0-629ECE1078C7}"
EndProject
Project("{FAE04EC0-301F-11D3-BF4B-00C04F79EFBC}") = "Infrastructure.Communication", "src\Core\DevQuestions.Infrastructure.Communication\Infrastructure.Communication.csproj", "{F9A7E18E-F278-FC06-47BA-9A5019814BE4}"
EndProject
Project("{FAE04EC0-301F-11D3-BF4B-00C04F79EFBC}") = "Infrastructure.ElastickSearch", "src\Core\DevQuestions.Infrastructure.ElastickSearch\Infrastructure.ElastickSearch.csproj", "{F2383E48-BE6E-99C3-27C9-124DB71A518A}"
EndProject
Project("{FAE04EC0-301F-11D3-BF4B-00C04F79EFBC}") = "Shared", "src\Core\DevQuestions.Shared\Shared.csproj", "{D3C119BD-7A80-50C9-9A2B-30B3FD0F8D39}"
EndProject
Project("{FAE04EC0-301F-11D3-BF4B-00C04F79EFBC}") = "Comments.Domain", "src\Comments\Comments.Domain\Comments.Domain.csproj", "{444C4FA4-C636-4587-8969-0AA82FDF9A99}"
EndProject
Project("{FAE04EC0-301F-11D3-BF4B-00C04F79EFBC}") = "Reports.Domain", "src\Reports\Reports.Domain\Reports.Domain.csproj", "{BBC0ABFA-84E9-425A-94CB-F3EDAC982976}"
EndProject
Project("{FAE04EC0-301F-11D3-BF4B-00C04F79EFBC}") = "Tags", "src\Tags\Tags.Domain\Tags.csproj", "{B13D9AEA-4495-4C57-8813-5119FC2839FE}"
EndProject
Project("{FAE04EC0-301F-11D3-BF4B-00C04F79EFBC}") = "Web", "src\Web\Web.csproj", "{E5706BEE-C3FB-E7BE-641A-413C1A61D716}"
EndProject
Project("{FAE04EC0-301F-11D3-BF4B-00C04F79EFBC}") = "Framework", "src\Core\Framework\Framework.csproj", "{E565E855-9032-40CD-82B7-DFF67C6E2838}"
EndProject
Project("{FAE04EC0-301F-11D3-BF4B-00C04F79EFBC}") = "Tags.Contracts", "src\Tags\Tags.Contracts\Tags.Contracts.csproj", "{8C02EE44-98FD-4399-9B49-E5CE530870EC}"
EndProject
Project("{FAE04EC0-301F-11D3-BF4B-00C04F79EFBC}") = "Tags.Presenters", "src\Tags\Tags.Presenters\Tags.Presenters.csproj", "{4C196BC6-3A36-4FC4-BB67-300A0BABCD09}"
EndProject
Global
	GlobalSection(SolutionConfigurationPlatforms) = preSolution
		Debug|Any CPU = Debug|Any CPU
		Release|Any CPU = Release|Any CPU
	EndGlobalSection
	GlobalSection(ProjectConfigurationPlatforms) = postSolution
		{B8ED9A7B-F16D-4EE7-8E17-CA5789615C6A}.Debug|Any CPU.ActiveCfg = Debug|Any CPU
		{B8ED9A7B-F16D-4EE7-8E17-CA5789615C6A}.Debug|Any CPU.Build.0 = Debug|Any CPU
		{B8ED9A7B-F16D-4EE7-8E17-CA5789615C6A}.Release|Any CPU.ActiveCfg = Release|Any CPU
		{B8ED9A7B-F16D-4EE7-8E17-CA5789615C6A}.Release|Any CPU.Build.0 = Release|Any CPU
		{7906B3D2-8F5B-4CBB-BED7-E1760B1CFB21}.Debug|Any CPU.ActiveCfg = Debug|Any CPU
		{7906B3D2-8F5B-4CBB-BED7-E1760B1CFB21}.Debug|Any CPU.Build.0 = Debug|Any CPU
		{7906B3D2-8F5B-4CBB-BED7-E1760B1CFB21}.Release|Any CPU.ActiveCfg = Release|Any CPU
		{7906B3D2-8F5B-4CBB-BED7-E1760B1CFB21}.Release|Any CPU.Build.0 = Release|Any CPU
		{28A78BE7-25CE-4863-8253-640C576F4DD2}.Debug|Any CPU.ActiveCfg = Debug|Any CPU
		{28A78BE7-25CE-4863-8253-640C576F4DD2}.Debug|Any CPU.Build.0 = Debug|Any CPU
		{28A78BE7-25CE-4863-8253-640C576F4DD2}.Release|Any CPU.ActiveCfg = Release|Any CPU
		{28A78BE7-25CE-4863-8253-640C576F4DD2}.Release|Any CPU.Build.0 = Release|Any CPU
		{9BC1B71C-9712-4F4D-A8A4-3314F7A8D0D0}.Debug|Any CPU.ActiveCfg = Debug|Any CPU
		{9BC1B71C-9712-4F4D-A8A4-3314F7A8D0D0}.Debug|Any CPU.Build.0 = Debug|Any CPU
		{9BC1B71C-9712-4F4D-A8A4-3314F7A8D0D0}.Release|Any CPU.ActiveCfg = Release|Any CPU
		{9BC1B71C-9712-4F4D-A8A4-3314F7A8D0D0}.Release|Any CPU.Build.0 = Release|Any CPU
		{E7973DC4-68F5-4EA5-A9C6-512F65FFC5CA}.Debug|Any CPU.ActiveCfg = Debug|Any CPU
		{E7973DC4-68F5-4EA5-A9C6-512F65FFC5CA}.Debug|Any CPU.Build.0 = Debug|Any CPU
		{E7973DC4-68F5-4EA5-A9C6-512F65FFC5CA}.Release|Any CPU.ActiveCfg = Release|Any CPU
		{E7973DC4-68F5-4EA5-A9C6-512F65FFC5CA}.Release|Any CPU.Build.0 = Release|Any CPU
		{F9A7E18E-F278-FC06-47BA-9A5019814BE4}.Debug|Any CPU.ActiveCfg = Debug|Any CPU
		{F9A7E18E-F278-FC06-47BA-9A5019814BE4}.Debug|Any CPU.Build.0 = Debug|Any CPU
		{F9A7E18E-F278-FC06-47BA-9A5019814BE4}.Release|Any CPU.ActiveCfg = Release|Any CPU
		{F9A7E18E-F278-FC06-47BA-9A5019814BE4}.Release|Any CPU.Build.0 = Release|Any CPU
		{F2383E48-BE6E-99C3-27C9-124DB71A518A}.Debug|Any CPU.ActiveCfg = Debug|Any CPU
		{F2383E48-BE6E-99C3-27C9-124DB71A518A}.Debug|Any CPU.Build.0 = Debug|Any CPU
		{F2383E48-BE6E-99C3-27C9-124DB71A518A}.Release|Any CPU.ActiveCfg = Release|Any CPU
		{F2383E48-BE6E-99C3-27C9-124DB71A518A}.Release|Any CPU.Build.0 = Release|Any CPU
		{D3C119BD-7A80-50C9-9A2B-30B3FD0F8D39}.Debug|Any CPU.ActiveCfg = Debug|Any CPU
		{D3C119BD-7A80-50C9-9A2B-30B3FD0F8D39}.Debug|Any CPU.Build.0 = Debug|Any CPU
		{D3C119BD-7A80-50C9-9A2B-30B3FD0F8D39}.Release|Any CPU.ActiveCfg = Release|Any CPU
		{D3C119BD-7A80-50C9-9A2B-30B3FD0F8D39}.Release|Any CPU.Build.0 = Release|Any CPU
		{444C4FA4-C636-4587-8969-0AA82FDF9A99}.Debug|Any CPU.ActiveCfg = Debug|Any CPU
		{444C4FA4-C636-4587-8969-0AA82FDF9A99}.Debug|Any CPU.Build.0 = Debug|Any CPU
		{444C4FA4-C636-4587-8969-0AA82FDF9A99}.Release|Any CPU.ActiveCfg = Release|Any CPU
		{444C4FA4-C636-4587-8969-0AA82FDF9A99}.Release|Any CPU.Build.0 = Release|Any CPU
		{BBC0ABFA-84E9-425A-94CB-F3EDAC982976}.Debug|Any CPU.ActiveCfg = Debug|Any CPU
		{BBC0ABFA-84E9-425A-94CB-F3EDAC982976}.Debug|Any CPU.Build.0 = Debug|Any CPU
		{BBC0ABFA-84E9-425A-94CB-F3EDAC982976}.Release|Any CPU.ActiveCfg = Release|Any CPU
		{BBC0ABFA-84E9-425A-94CB-F3EDAC982976}.Release|Any CPU.Build.0 = Release|Any CPU
		{B13D9AEA-4495-4C57-8813-5119FC2839FE}.Debug|Any CPU.ActiveCfg = Debug|Any CPU
		{B13D9AEA-4495-4C57-8813-5119FC2839FE}.Debug|Any CPU.Build.0 = Debug|Any CPU
		{B13D9AEA-4495-4C57-8813-5119FC2839FE}.Release|Any CPU.ActiveCfg = Release|Any CPU
		{B13D9AEA-4495-4C57-8813-5119FC2839FE}.Release|Any CPU.Build.0 = Release|Any CPU
		{E5706BEE-C3FB-E7BE-641A-413C1A61D716}.Debug|Any CPU.ActiveCfg = Debug|Any CPU
		{E5706BEE-C3FB-E7BE-641A-413C1A61D716}.Debug|Any CPU.Build.0 = Debug|Any CPU
		{E5706BEE-C3FB-E7BE-641A-413C1A61D716}.Release|Any CPU.ActiveCfg = Release|Any CPU
		{E5706BEE-C3FB-E7BE-641A-413C1A61D716}.Release|Any CPU.Build.0 = Release|Any CPU
		{E565E855-9032-40CD-82B7-DFF67C6E2838}.Debug|Any CPU.ActiveCfg = Debug|Any CPU
		{E565E855-9032-40CD-82B7-DFF67C6E2838}.Debug|Any CPU.Build.0 = Debug|Any CPU
		{E565E855-9032-40CD-82B7-DFF67C6E2838}.Release|Any CPU.ActiveCfg = Release|Any CPU
		{E565E855-9032-40CD-82B7-DFF67C6E2838}.Release|Any CPU.Build.0 = Release|Any CPU
		{8C02EE44-98FD-4399-9B49-E5CE530870EC}.Debug|Any CPU.ActiveCfg = Debug|Any CPU
		{8C02EE44-98FD-4399-9B49-E5CE530870EC}.Debug|Any CPU.Build.0 = Debug|Any CPU
		{8C02EE44-98FD-4399-9B49-E5CE530870EC}.Release|Any CPU.ActiveCfg = Release|Any CPU
		{8C02EE44-98FD-4399-9B49-E5CE530870EC}.Release|Any CPU.Build.0 = Release|Any CPU
		{4C196BC6-3A36-4FC4-BB67-300A0BABCD09}.Debug|Any CPU.ActiveCfg = Debug|Any CPU
		{4C196BC6-3A36-4FC4-BB67-300A0BABCD09}.Debug|Any CPU.Build.0 = Debug|Any CPU
		{4C196BC6-3A36-4FC4-BB67-300A0BABCD09}.Release|Any CPU.ActiveCfg = Release|Any CPU
		{4C196BC6-3A36-4FC4-BB67-300A0BABCD09}.Release|Any CPU.Build.0 = Release|Any CPU
	EndGlobalSection
	GlobalSection(SolutionProperties) = preSolution
		HideSolutionNode = FALSE
	EndGlobalSection
	GlobalSection(NestedProjects) = preSolution
		{02EA681E-C7D8-13C7-8484-4AC65E1B71E8} = {E2CD4ED0-E0CE-4F72-8355-97250123FDDD}
		{1B7F592E-465F-4353-9549-1A2570DBE321} = {E2CD4ED0-E0CE-4F72-8355-97250123FDDD}
		{FE27E808-4FC9-419C-9D20-D5E0E9C5481D} = {E2CD4ED0-E0CE-4F72-8355-97250123FDDD}
		{2983423E-235C-49D3-A1FC-02E36B973EA9} = {E2CD4ED0-E0CE-4F72-8355-97250123FDDD}
		{B8ED9A7B-F16D-4EE7-8E17-CA5789615C6A} = {02EA681E-C7D8-13C7-8484-4AC65E1B71E8}
		{7906B3D2-8F5B-4CBB-BED7-E1760B1CFB21} = {02EA681E-C7D8-13C7-8484-4AC65E1B71E8}
		{28A78BE7-25CE-4863-8253-640C576F4DD2} = {02EA681E-C7D8-13C7-8484-4AC65E1B71E8}
		{9BC1B71C-9712-4F4D-A8A4-3314F7A8D0D0} = {02EA681E-C7D8-13C7-8484-4AC65E1B71E8}
		{E7973DC4-68F5-4EA5-A9C6-512F65FFC5CA} = {02EA681E-C7D8-13C7-8484-4AC65E1B71E8}
		{D1E88DED-B04E-4C90-80AD-A6B760774F04} = {E2CD4ED0-E0CE-4F72-8355-97250123FDDD}
		{AD995E86-FF9E-45BD-81B0-629ECE1078C7} = {E2CD4ED0-E0CE-4F72-8355-97250123FDDD}
		{F9A7E18E-F278-FC06-47BA-9A5019814BE4} = {AD995E86-FF9E-45BD-81B0-629ECE1078C7}
		{F2383E48-BE6E-99C3-27C9-124DB71A518A} = {AD995E86-FF9E-45BD-81B0-629ECE1078C7}
		{D3C119BD-7A80-50C9-9A2B-30B3FD0F8D39} = {AD995E86-FF9E-45BD-81B0-629ECE1078C7}
		{444C4FA4-C636-4587-8969-0AA82FDF9A99} = {2983423E-235C-49D3-A1FC-02E36B973EA9}
		{BBC0ABFA-84E9-425A-94CB-F3EDAC982976} = {FE27E808-4FC9-419C-9D20-D5E0E9C5481D}
		{B13D9AEA-4495-4C57-8813-5119FC2839FE} = {1B7F592E-465F-4353-9549-1A2570DBE321}
		{E5706BEE-C3FB-E7BE-641A-413C1A61D716} = {D1E88DED-B04E-4C90-80AD-A6B760774F04}
		{E565E855-9032-40CD-82B7-DFF67C6E2838} = {AD995E86-FF9E-45BD-81B0-629ECE1078C7}
		{8C02EE44-98FD-4399-9B49-E5CE530870EC} = {1B7F592E-465F-4353-9549-1A2570DBE321}
		{4C196BC6-3A36-4FC4-BB67-300A0BABCD09} = {1B7F592E-465F-4353-9549-1A2570DBE321}
	EndGlobalSection
	GlobalSection(ExtensibilityGlobals) = postSolution
		SolutionGuid = {ED7E1C76-F593-450E-B16D-39E84DAA9591}
	EndGlobalSection
EndGlobal
