
Microsoft Visual Studio Solution File, Format Version 12.00
# Visual Studio Version 17
VisualStudioVersion = 17.12.35707.178 d17.12
MinimumVisualStudioVersion = 10.0.40219.1
Project("{FAE04EC0-301F-11D3-BF4B-00C04F79EFBC}") = "DevQuestions", "DevQuestions\DevQuestions.csproj", "{DE524E7E-1C45-4B8B-9BC6-E52994A0F55A}"
EndProject
Project("{2150E333-8FDC-42A3-9474-1A3956D46DE8}") = "src", "src", "{E2CD4ED0-E0CE-4F72-8355-97250123FDDD}"
EndProject
Global
	GlobalSection(SolutionConfigurationPlatforms) = preSolution
		Debug|Any CPU = Debug|Any CPU
		Release|Any CPU = Release|Any CPU
	EndGlobalSection
	GlobalSection(ProjectConfigurationPlatforms) = postSolution
		{DE524E7E-1C45-4B8B-9BC6-E52994A0F55A}.Debug|Any CPU.ActiveCfg = Debug|Any CPU
		{DE524E7E-1C45-4B8B-9BC6-E52994A0F55A}.Debug|Any CPU.Build.0 = Debug|Any CPU
		{DE524E7E-1C45-4B8B-9BC6-E52994A0F55A}.Release|Any CPU.ActiveCfg = Release|Any CPU
		{DE524E7E-1C45-4B8B-9BC6-E52994A0F55A}.Release|Any CPU.Build.0 = Release|Any CPU
	EndGlobalSection
	GlobalSection(SolutionProperties) = preSolution
		HideSolutionNode = FALSE
	EndGlobalSection
	GlobalSection(NestedProjects) = preSolution
		{DE524E7E-1C45-4B8B-9BC6-E52994A0F55A} = {E2CD4ED0-E0CE-4F72-8355-97250123FDDD}
	EndGlobalSection
EndGlobal
